
Microsoft Visual Studio Solution File, Format Version 12.00
# Visual Studio Version 17
VisualStudioVersion = 17.4.33213.308
MinimumVisualStudioVersion = 10.0.40219.1
Project("{FAE04EC0-301F-11D3-BF4B-00C04F79EFBC}") = "4.-InterfaceSegregation", "4.-InterfaceSegregation\4.-InterfaceSegregation.csproj", "{47436F4F-1A64-41C4-864F-19B0211FEEBB}"
EndProject
Global
	GlobalSection(SolutionConfigurationPlatforms) = preSolution
		Debug|Any CPU = Debug|Any CPU
		Release|Any CPU = Release|Any CPU
	EndGlobalSection
	GlobalSection(ProjectConfigurationPlatforms) = postSolution
		{47436F4F-1A64-41C4-864F-19B0211FEEBB}.Debug|Any CPU.ActiveCfg = Debug|Any CPU
		{47436F4F-1A64-41C4-864F-19B0211FEEBB}.Debug|Any CPU.Build.0 = Debug|Any CPU
		{47436F4F-1A64-41C4-864F-19B0211FEEBB}.Release|Any CPU.ActiveCfg = Release|Any CPU
		{47436F4F-1A64-41C4-864F-19B0211FEEBB}.Release|Any CPU.Build.0 = Release|Any CPU
	EndGlobalSection
	GlobalSection(SolutionProperties) = preSolution
		HideSolutionNode = FALSE
	EndGlobalSection
	GlobalSection(ExtensibilityGlobals) = postSolution
		SolutionGuid = {06A5FB98-056C-46CE-B073-C4E68528D5D7}
	EndGlobalSection
EndGlobal
